// !$*UTF8*$!
{
	archiveVersion = 1;
	classes = {
	};
	objectVersion = 51;
	objects = {

/* Begin PBXBuildFile section */
		4EEEFBD992C8446F271FF4C0 /* Pods_ProgrammaticallyExampleTests.framework in Frameworks */ = {isa = PBXBuildFile; fileRef = 5B0D50F2BFAF745013A10430 /* Pods_ProgrammaticallyExampleTests.framework */; };
		8441F7F62449D5C100A586FB /* AppDelegate.swift in Sources */ = {isa = PBXBuildFile; fileRef = 8441F7F52449D5C100A586FB /* AppDelegate.swift */; };
		8441F7F82449D5C100A586FB /* PhotosVC.swift in Sources */ = {isa = PBXBuildFile; fileRef = 8441F7F72449D5C100A586FB /* PhotosVC.swift */; };
		8441F7FD2449D5C200A586FB /* Assets.xcassets in Resources */ = {isa = PBXBuildFile; fileRef = 8441F7FC2449D5C200A586FB /* Assets.xcassets */; };
		8441F8002449D5C200A586FB /* LaunchScreen.storyboard in Resources */ = {isa = PBXBuildFile; fileRef = 8441F7FE2449D5C200A586FB /* LaunchScreen.storyboard */; };
		8441F80B2449D5C300A586FB /* ProgrammaticallyExampleTests.swift in Sources */ = {isa = PBXBuildFile; fileRef = 8441F80A2449D5C300A586FB /* ProgrammaticallyExampleTests.swift */; };
		8441F8162449D5C300A586FB /* ProgrammaticallyExampleUITests.swift in Sources */ = {isa = PBXBuildFile; fileRef = 8441F8152449D5C300A586FB /* ProgrammaticallyExampleUITests.swift */; };
		8441F8252449DC0900A586FB /* HttpMethod.swift in Sources */ = {isa = PBXBuildFile; fileRef = 8441F8242449DC0900A586FB /* HttpMethod.swift */; };
		8441F8272449DC4200A586FB /* HttpLink.swift in Sources */ = {isa = PBXBuildFile; fileRef = 8441F8262449DC4200A586FB /* HttpLink.swift */; };
		8441F8292449DD9600A586FB /* ConnectionManager.swift in Sources */ = {isa = PBXBuildFile; fileRef = 8441F8282449DD9600A586FB /* ConnectionManager.swift */; };
		8442ED5C2449F53E0083F037 /* ParametersBuilder.swift in Sources */ = {isa = PBXBuildFile; fileRef = 8442ED5B2449F53E0083F037 /* ParametersBuilder.swift */; };
		8442ED5E2449F5730083F037 /* ServiceHelper.swift in Sources */ = {isa = PBXBuildFile; fileRef = 8442ED5D2449F5730083F037 /* ServiceHelper.swift */; };
		8442ED612449F9040083F037 /* PhotosModel.swift in Sources */ = {isa = PBXBuildFile; fileRef = 8442ED602449F9040083F037 /* PhotosModel.swift */; };
		8442ED632449F93B0083F037 /* Meta.swift in Sources */ = {isa = PBXBuildFile; fileRef = 8442ED622449F93B0083F037 /* Meta.swift */; };
		8442ED652449F96C0083F037 /* RateLimit.swift in Sources */ = {isa = PBXBuildFile; fileRef = 8442ED642449F96C0083F037 /* RateLimit.swift */; };
		8442ED672449F98D0083F037 /* Result.swift in Sources */ = {isa = PBXBuildFile; fileRef = 8442ED662449F98D0083F037 /* Result.swift */; };
		8442ED692449F9A40083F037 /* Links.swift in Sources */ = {isa = PBXBuildFile; fileRef = 8442ED682449F9A40083F037 /* Links.swift */; };
		8442ED6B2449F9B80083F037 /* Edit.swift in Sources */ = {isa = PBXBuildFile; fileRef = 8442ED6A2449F9B80083F037 /* Edit.swift */; };
		84942BCC244B63A90096FEF4 /* PhotoCell.swift in Sources */ = {isa = PBXBuildFile; fileRef = 84942BCB244B63A90096FEF4 /* PhotoCell.swift */; };
		84942BCF244B8B500096FEF4 /* UIView+Ext.swift in Sources */ = {isa = PBXBuildFile; fileRef = 84942BCE244B8B500096FEF4 /* UIView+Ext.swift */; };
		84942BD1244B94900096FEF4 /* UIImageView+Ext.swift in Sources */ = {isa = PBXBuildFile; fileRef = 84942BD0244B94900096FEF4 /* UIImageView+Ext.swift */; };
		84942BD3244BA0EE0096FEF4 /* Response.swift in Sources */ = {isa = PBXBuildFile; fileRef = 84942BD2244BA0EE0096FEF4 /* Response.swift */; };
		D7AD1AEAC73B73959D42120D /* Pods_ProgrammaticallyExample.framework in Frameworks */ = {isa = PBXBuildFile; fileRef = 5C3EC301C87038E85EDF0D7A /* Pods_ProgrammaticallyExample.framework */; };
		F0EE5ECF89AC9DC3C99183A0 /* Pods_ProgrammaticallyExample_ProgrammaticallyExampleUITests.framework in Frameworks */ = {isa = PBXBuildFile; fileRef = D0E52F287BBDB20C502BC030 /* Pods_ProgrammaticallyExample_ProgrammaticallyExampleUITests.framework */; };
/* End PBXBuildFile section */

/* Begin PBXContainerItemProxy section */
		8441F8072449D5C300A586FB /* PBXContainerItemProxy */ = {
			isa = PBXContainerItemProxy;
			containerPortal = 8441F7EA2449D5C000A586FB /* Project object */;
			proxyType = 1;
			remoteGlobalIDString = 8441F7F12449D5C100A586FB;
			remoteInfo = ProgrammaticallyExample;
		};
		8441F8122449D5C300A586FB /* PBXContainerItemProxy */ = {
			isa = PBXContainerItemProxy;
			containerPortal = 8441F7EA2449D5C000A586FB /* Project object */;
			proxyType = 1;
			remoteGlobalIDString = 8441F7F12449D5C100A586FB;
			remoteInfo = ProgrammaticallyExample;
		};
/* End PBXContainerItemProxy section */

/* Begin PBXFileReference section */
		5B0D50F2BFAF745013A10430 /* Pods_ProgrammaticallyExampleTests.framework */ = {isa = PBXFileReference; explicitFileType = wrapper.framework; includeInIndex = 0; path = Pods_ProgrammaticallyExampleTests.framework; sourceTree = BUILT_PRODUCTS_DIR; };
		5C3EC301C87038E85EDF0D7A /* Pods_ProgrammaticallyExample.framework */ = {isa = PBXFileReference; explicitFileType = wrapper.framework; includeInIndex = 0; path = Pods_ProgrammaticallyExample.framework; sourceTree = BUILT_PRODUCTS_DIR; };
		648BA5D8A9115790A32D21A7 /* Pods-ProgrammaticallyExample-ProgrammaticallyExampleUITests.release.xcconfig */ = {isa = PBXFileReference; includeInIndex = 1; lastKnownFileType = text.xcconfig; name = "Pods-ProgrammaticallyExample-ProgrammaticallyExampleUITests.release.xcconfig"; path = "Target Support Files/Pods-ProgrammaticallyExample-ProgrammaticallyExampleUITests/Pods-ProgrammaticallyExample-ProgrammaticallyExampleUITests.release.xcconfig"; sourceTree = "<group>"; };
		8441F7F22449D5C100A586FB /* ProgrammaticallyExample.app */ = {isa = PBXFileReference; explicitFileType = wrapper.application; includeInIndex = 0; path = ProgrammaticallyExample.app; sourceTree = BUILT_PRODUCTS_DIR; };
		8441F7F52449D5C100A586FB /* AppDelegate.swift */ = {isa = PBXFileReference; lastKnownFileType = sourcecode.swift; path = AppDelegate.swift; sourceTree = "<group>"; };
		8441F7F72449D5C100A586FB /* PhotosVC.swift */ = {isa = PBXFileReference; lastKnownFileType = sourcecode.swift; path = PhotosVC.swift; sourceTree = "<group>"; };
		8441F7FC2449D5C200A586FB /* Assets.xcassets */ = {isa = PBXFileReference; lastKnownFileType = folder.assetcatalog; path = Assets.xcassets; sourceTree = "<group>"; };
		8441F7FF2449D5C200A586FB /* Base */ = {isa = PBXFileReference; lastKnownFileType = file.storyboard; name = Base; path = Base.lproj/LaunchScreen.storyboard; sourceTree = "<group>"; };
		8441F8012449D5C200A586FB /* Info.plist */ = {isa = PBXFileReference; lastKnownFileType = text.plist.xml; path = Info.plist; sourceTree = "<group>"; };
		8441F8062449D5C300A586FB /* ProgrammaticallyExampleTests.xctest */ = {isa = PBXFileReference; explicitFileType = wrapper.cfbundle; includeInIndex = 0; path = ProgrammaticallyExampleTests.xctest; sourceTree = BUILT_PRODUCTS_DIR; };
		8441F80A2449D5C300A586FB /* ProgrammaticallyExampleTests.swift */ = {isa = PBXFileReference; lastKnownFileType = sourcecode.swift; path = ProgrammaticallyExampleTests.swift; sourceTree = "<group>"; };
		8441F80C2449D5C300A586FB /* Info.plist */ = {isa = PBXFileReference; lastKnownFileType = text.plist.xml; path = Info.plist; sourceTree = "<group>"; };
		8441F8112449D5C300A586FB /* ProgrammaticallyExampleUITests.xctest */ = {isa = PBXFileReference; explicitFileType = wrapper.cfbundle; includeInIndex = 0; path = ProgrammaticallyExampleUITests.xctest; sourceTree = BUILT_PRODUCTS_DIR; };
		8441F8152449D5C300A586FB /* ProgrammaticallyExampleUITests.swift */ = {isa = PBXFileReference; lastKnownFileType = sourcecode.swift; path = ProgrammaticallyExampleUITests.swift; sourceTree = "<group>"; };
		8441F8172449D5C300A586FB /* Info.plist */ = {isa = PBXFileReference; lastKnownFileType = text.plist.xml; path = Info.plist; sourceTree = "<group>"; };
		8441F8242449DC0900A586FB /* HttpMethod.swift */ = {isa = PBXFileReference; lastKnownFileType = sourcecode.swift; path = HttpMethod.swift; sourceTree = "<group>"; };
		8441F8262449DC4200A586FB /* HttpLink.swift */ = {isa = PBXFileReference; lastKnownFileType = sourcecode.swift; path = HttpLink.swift; sourceTree = "<group>"; };
		8441F8282449DD9600A586FB /* ConnectionManager.swift */ = {isa = PBXFileReference; lastKnownFileType = sourcecode.swift; path = ConnectionManager.swift; sourceTree = "<group>"; };
		8442ED5B2449F53E0083F037 /* ParametersBuilder.swift */ = {isa = PBXFileReference; lastKnownFileType = sourcecode.swift; path = ParametersBuilder.swift; sourceTree = "<group>"; };
		8442ED5D2449F5730083F037 /* ServiceHelper.swift */ = {isa = PBXFileReference; lastKnownFileType = sourcecode.swift; path = ServiceHelper.swift; sourceTree = "<group>"; };
		8442ED602449F9040083F037 /* PhotosModel.swift */ = {isa = PBXFileReference; lastKnownFileType = sourcecode.swift; path = PhotosModel.swift; sourceTree = "<group>"; };
		8442ED622449F93B0083F037 /* Meta.swift */ = {isa = PBXFileReference; lastKnownFileType = sourcecode.swift; path = Meta.swift; sourceTree = "<group>"; };
		8442ED642449F96C0083F037 /* RateLimit.swift */ = {isa = PBXFileReference; lastKnownFileType = sourcecode.swift; path = RateLimit.swift; sourceTree = "<group>"; };
		8442ED662449F98D0083F037 /* Result.swift */ = {isa = PBXFileReference; lastKnownFileType = sourcecode.swift; path = Result.swift; sourceTree = "<group>"; };
		8442ED682449F9A40083F037 /* Links.swift */ = {isa = PBXFileReference; lastKnownFileType = sourcecode.swift; path = Links.swift; sourceTree = "<group>"; };
		8442ED6A2449F9B80083F037 /* Edit.swift */ = {isa = PBXFileReference; lastKnownFileType = sourcecode.swift; path = Edit.swift; sourceTree = "<group>"; };
		84942BCB244B63A90096FEF4 /* PhotoCell.swift */ = {isa = PBXFileReference; lastKnownFileType = sourcecode.swift; path = PhotoCell.swift; sourceTree = "<group>"; };
		84942BCE244B8B500096FEF4 /* UIView+Ext.swift */ = {isa = PBXFileReference; lastKnownFileType = sourcecode.swift; path = "UIView+Ext.swift"; sourceTree = "<group>"; };
		84942BD0244B94900096FEF4 /* UIImageView+Ext.swift */ = {isa = PBXFileReference; lastKnownFileType = sourcecode.swift; path = "UIImageView+Ext.swift"; sourceTree = "<group>"; };
		84942BD2244BA0EE0096FEF4 /* Response.swift */ = {isa = PBXFileReference; lastKnownFileType = sourcecode.swift; path = Response.swift; sourceTree = "<group>"; };
		B914660B8B17BD7239D786E1 /* Pods-ProgrammaticallyExample.debug.xcconfig */ = {isa = PBXFileReference; includeInIndex = 1; lastKnownFileType = text.xcconfig; name = "Pods-ProgrammaticallyExample.debug.xcconfig"; path = "Target Support Files/Pods-ProgrammaticallyExample/Pods-ProgrammaticallyExample.debug.xcconfig"; sourceTree = "<group>"; };
		D0E52F287BBDB20C502BC030 /* Pods_ProgrammaticallyExample_ProgrammaticallyExampleUITests.framework */ = {isa = PBXFileReference; explicitFileType = wrapper.framework; includeInIndex = 0; path = Pods_ProgrammaticallyExample_ProgrammaticallyExampleUITests.framework; sourceTree = BUILT_PRODUCTS_DIR; };
		E33FE35989BBDFEB0D62684F /* Pods-ProgrammaticallyExampleTests.debug.xcconfig */ = {isa = PBXFileReference; includeInIndex = 1; lastKnownFileType = text.xcconfig; name = "Pods-ProgrammaticallyExampleTests.debug.xcconfig"; path = "Target Support Files/Pods-ProgrammaticallyExampleTests/Pods-ProgrammaticallyExampleTests.debug.xcconfig"; sourceTree = "<group>"; };
		EEA2A07CC4F5BB75769836C6 /* Pods-ProgrammaticallyExample.release.xcconfig */ = {isa = PBXFileReference; includeInIndex = 1; lastKnownFileType = text.xcconfig; name = "Pods-ProgrammaticallyExample.release.xcconfig"; path = "Target Support Files/Pods-ProgrammaticallyExample/Pods-ProgrammaticallyExample.release.xcconfig"; sourceTree = "<group>"; };
		F3E4AE4899C600E308FA60C2 /* Pods-ProgrammaticallyExampleTests.release.xcconfig */ = {isa = PBXFileReference; includeInIndex = 1; lastKnownFileType = text.xcconfig; name = "Pods-ProgrammaticallyExampleTests.release.xcconfig"; path = "Target Support Files/Pods-ProgrammaticallyExampleTests/Pods-ProgrammaticallyExampleTests.release.xcconfig"; sourceTree = "<group>"; };
		FE420FC3373B68B1D02DAB22 /* Pods-ProgrammaticallyExample-ProgrammaticallyExampleUITests.debug.xcconfig */ = {isa = PBXFileReference; includeInIndex = 1; lastKnownFileType = text.xcconfig; name = "Pods-ProgrammaticallyExample-ProgrammaticallyExampleUITests.debug.xcconfig"; path = "Target Support Files/Pods-ProgrammaticallyExample-ProgrammaticallyExampleUITests/Pods-ProgrammaticallyExample-ProgrammaticallyExampleUITests.debug.xcconfig"; sourceTree = "<group>"; };
/* End PBXFileReference section */

/* Begin PBXFrameworksBuildPhase section */
		8441F7EF2449D5C100A586FB /* Frameworks */ = {
			isa = PBXFrameworksBuildPhase;
			buildActionMask = 2147483647;
			files = (
				D7AD1AEAC73B73959D42120D /* Pods_ProgrammaticallyExample.framework in Frameworks */,
			);
			runOnlyForDeploymentPostprocessing = 0;
		};
		8441F8032449D5C300A586FB /* Frameworks */ = {
			isa = PBXFrameworksBuildPhase;
			buildActionMask = 2147483647;
			files = (
				4EEEFBD992C8446F271FF4C0 /* Pods_ProgrammaticallyExampleTests.framework in Frameworks */,
			);
			runOnlyForDeploymentPostprocessing = 0;
		};
		8441F80E2449D5C300A586FB /* Frameworks */ = {
			isa = PBXFrameworksBuildPhase;
			buildActionMask = 2147483647;
			files = (
				F0EE5ECF89AC9DC3C99183A0 /* Pods_ProgrammaticallyExample_ProgrammaticallyExampleUITests.framework in Frameworks */,
			);
			runOnlyForDeploymentPostprocessing = 0;
		};
/* End PBXFrameworksBuildPhase section */

/* Begin PBXGroup section */
		18C54C20F71ECA6DAA5208D2 /* Pods */ = {
			isa = PBXGroup;
			children = (
				B914660B8B17BD7239D786E1 /* Pods-ProgrammaticallyExample.debug.xcconfig */,
				EEA2A07CC4F5BB75769836C6 /* Pods-ProgrammaticallyExample.release.xcconfig */,
				FE420FC3373B68B1D02DAB22 /* Pods-ProgrammaticallyExample-ProgrammaticallyExampleUITests.debug.xcconfig */,
				648BA5D8A9115790A32D21A7 /* Pods-ProgrammaticallyExample-ProgrammaticallyExampleUITests.release.xcconfig */,
				E33FE35989BBDFEB0D62684F /* Pods-ProgrammaticallyExampleTests.debug.xcconfig */,
				F3E4AE4899C600E308FA60C2 /* Pods-ProgrammaticallyExampleTests.release.xcconfig */,
			);
			path = Pods;
			sourceTree = "<group>";
		};
		44564E478FCF2ECE992DB813 /* Frameworks */ = {
			isa = PBXGroup;
			children = (
				5C3EC301C87038E85EDF0D7A /* Pods_ProgrammaticallyExample.framework */,
				D0E52F287BBDB20C502BC030 /* Pods_ProgrammaticallyExample_ProgrammaticallyExampleUITests.framework */,
				5B0D50F2BFAF745013A10430 /* Pods_ProgrammaticallyExampleTests.framework */,
			);
			name = Frameworks;
			sourceTree = "<group>";
		};
		8441F7E92449D5C000A586FB = {
			isa = PBXGroup;
			children = (
				8441F7F42449D5C100A586FB /* ProgrammaticallyExample */,
				8441F8092449D5C300A586FB /* ProgrammaticallyExampleTests */,
				8441F8142449D5C300A586FB /* ProgrammaticallyExampleUITests */,
				8441F7F32449D5C100A586FB /* Products */,
				18C54C20F71ECA6DAA5208D2 /* Pods */,
				44564E478FCF2ECE992DB813 /* Frameworks */,
			);
			sourceTree = "<group>";
		};
		8441F7F32449D5C100A586FB /* Products */ = {
			isa = PBXGroup;
			children = (
				8441F7F22449D5C100A586FB /* ProgrammaticallyExample.app */,
				8441F8062449D5C300A586FB /* ProgrammaticallyExampleTests.xctest */,
				8441F8112449D5C300A586FB /* ProgrammaticallyExampleUITests.xctest */,
			);
			name = Products;
			sourceTree = "<group>";
		};
		8441F7F42449D5C100A586FB /* ProgrammaticallyExample */ = {
			isa = PBXGroup;
			children = (
				8441F7F72449D5C100A586FB /* PhotosVC.swift */,
				84942BC4244B59ED0096FEF4 /* Cell */,
				8441F8232449DBE700A586FB /* Service */,
				8442ED5F2449F8340083F037 /* Models */,
				84942BCD244B8B3E0096FEF4 /* Extension */,
				84942BC8244B5D9E0096FEF4 /* Supporting */,
			);
			path = ProgrammaticallyExample;
			sourceTree = "<group>";
		};
		8441F8092449D5C300A586FB /* ProgrammaticallyExampleTests */ = {
			isa = PBXGroup;
			children = (
				8441F80A2449D5C300A586FB /* ProgrammaticallyExampleTests.swift */,
				8441F80C2449D5C300A586FB /* Info.plist */,
			);
			path = ProgrammaticallyExampleTests;
			sourceTree = "<group>";
		};
		8441F8142449D5C300A586FB /* ProgrammaticallyExampleUITests */ = {
			isa = PBXGroup;
			children = (
				8441F8152449D5C300A586FB /* ProgrammaticallyExampleUITests.swift */,
				8441F8172449D5C300A586FB /* Info.plist */,
			);
			path = ProgrammaticallyExampleUITests;
			sourceTree = "<group>";
		};
		8441F8232449DBE700A586FB /* Service */ = {
			isa = PBXGroup;
			children = (
				8441F8282449DD9600A586FB /* ConnectionManager.swift */,
				8442ED5D2449F5730083F037 /* ServiceHelper.swift */,
				8442ED5B2449F53E0083F037 /* ParametersBuilder.swift */,
				8441F8262449DC4200A586FB /* HttpLink.swift */,
				8441F8242449DC0900A586FB /* HttpMethod.swift */,
				84942BD2244BA0EE0096FEF4 /* Response.swift */,
			);
			path = Service;
			sourceTree = "<group>";
		};
		8442ED5F2449F8340083F037 /* Models */ = {
			isa = PBXGroup;
			children = (
				8442ED602449F9040083F037 /* PhotosModel.swift */,
				8442ED622449F93B0083F037 /* Meta.swift */,
				8442ED642449F96C0083F037 /* RateLimit.swift */,
				8442ED662449F98D0083F037 /* Result.swift */,
				8442ED682449F9A40083F037 /* Links.swift */,
				8442ED6A2449F9B80083F037 /* Edit.swift */,
			);
			path = Models;
			sourceTree = "<group>";
		};
		84942BC4244B59ED0096FEF4 /* Cell */ = {
			isa = PBXGroup;
			children = (
				84942BCB244B63A90096FEF4 /* PhotoCell.swift */,
			);
			path = Cell;
			sourceTree = "<group>";
		};
		84942BC8244B5D9E0096FEF4 /* Supporting */ = {
			isa = PBXGroup;
			children = (
				8441F7F52449D5C100A586FB /* AppDelegate.swift */,
				8441F7FC2449D5C200A586FB /* Assets.xcassets */,
				8441F7FE2449D5C200A586FB /* LaunchScreen.storyboard */,
				8441F8012449D5C200A586FB /* Info.plist */,
			);
			path = Supporting;
			sourceTree = "<group>";
		};
		84942BCD244B8B3E0096FEF4 /* Extension */ = {
			isa = PBXGroup;
			children = (
				84942BCE244B8B500096FEF4 /* UIView+Ext.swift */,
				84942BD0244B94900096FEF4 /* UIImageView+Ext.swift */,
			);
			path = Extension;
			sourceTree = "<group>";
		};
/* End PBXGroup section */

/* Begin PBXNativeTarget section */
		8441F7F12449D5C100A586FB /* ProgrammaticallyExample */ = {
			isa = PBXNativeTarget;
			buildConfigurationList = 8441F81A2449D5C300A586FB /* Build configuration list for PBXNativeTarget "ProgrammaticallyExample" */;
			buildPhases = (
				4634514E19A29665780D0CD8 /* [CP] Check Pods Manifest.lock */,
				8441F7EE2449D5C100A586FB /* Sources */,
				8441F7EF2449D5C100A586FB /* Frameworks */,
				8441F7F02449D5C100A586FB /* Resources */,
				BB45163848166D9A670161CC /* [CP] Embed Pods Frameworks */,
			);
			buildRules = (
			);
			dependencies = (
			);
			name = ProgrammaticallyExample;
			productName = ProgrammaticallyExample;
			productReference = 8441F7F22449D5C100A586FB /* ProgrammaticallyExample.app */;
			productType = "com.apple.product-type.application";
		};
		8441F8052449D5C300A586FB /* ProgrammaticallyExampleTests */ = {
			isa = PBXNativeTarget;
			buildConfigurationList = 8441F81D2449D5C300A586FB /* Build configuration list for PBXNativeTarget "ProgrammaticallyExampleTests" */;
			buildPhases = (
				2F84D7B37D49927DA65A1986 /* [CP] Check Pods Manifest.lock */,
				8441F8022449D5C300A586FB /* Sources */,
				8441F8032449D5C300A586FB /* Frameworks */,
				8441F8042449D5C300A586FB /* Resources */,
			);
			buildRules = (
			);
			dependencies = (
				8441F8082449D5C300A586FB /* PBXTargetDependency */,
			);
			name = ProgrammaticallyExampleTests;
			productName = ProgrammaticallyExampleTests;
			productReference = 8441F8062449D5C300A586FB /* ProgrammaticallyExampleTests.xctest */;
			productType = "com.apple.product-type.bundle.unit-test";
		};
		8441F8102449D5C300A586FB /* ProgrammaticallyExampleUITests */ = {
			isa = PBXNativeTarget;
			buildConfigurationList = 8441F8202449D5C300A586FB /* Build configuration list for PBXNativeTarget "ProgrammaticallyExampleUITests" */;
			buildPhases = (
				09ABA72EF9E4441CF8E469CB /* [CP] Check Pods Manifest.lock */,
				8441F80D2449D5C300A586FB /* Sources */,
				8441F80E2449D5C300A586FB /* Frameworks */,
				8441F80F2449D5C300A586FB /* Resources */,
				B77F5F7CE358ED6EDC87F84B /* [CP] Embed Pods Frameworks */,
			);
			buildRules = (
			);
			dependencies = (
				8441F8132449D5C300A586FB /* PBXTargetDependency */,
			);
			name = ProgrammaticallyExampleUITests;
			productName = ProgrammaticallyExampleUITests;
			productReference = 8441F8112449D5C300A586FB /* ProgrammaticallyExampleUITests.xctest */;
			productType = "com.apple.product-type.bundle.ui-testing";
		};
/* End PBXNativeTarget section */

/* Begin PBXProject section */
		8441F7EA2449D5C000A586FB /* Project object */ = {
			isa = PBXProject;
			attributes = {
				LastSwiftUpdateCheck = 1000;
				LastUpgradeCheck = 1000;
				ORGANIZATIONNAME = ahmet;
				TargetAttributes = {
					8441F7F12449D5C100A586FB = {
						CreatedOnToolsVersion = 10.0;
					};
					8441F8052449D5C300A586FB = {
						CreatedOnToolsVersion = 10.0;
						TestTargetID = 8441F7F12449D5C100A586FB;
					};
					8441F8102449D5C300A586FB = {
						CreatedOnToolsVersion = 10.0;
						TestTargetID = 8441F7F12449D5C100A586FB;
					};
				};
			};
			buildConfigurationList = 8441F7ED2449D5C000A586FB /* Build configuration list for PBXProject "ProgrammaticallyExample" */;
			compatibilityVersion = "Xcode 9.3";
			developmentRegion = en;
			hasScannedForEncodings = 0;
			knownRegions = (
				en,
				Base,
			);
			mainGroup = 8441F7E92449D5C000A586FB;
			productRefGroup = 8441F7F32449D5C100A586FB /* Products */;
			projectDirPath = "";
			projectRoot = "";
			targets = (
				8441F7F12449D5C100A586FB /* ProgrammaticallyExample */,
				8441F8052449D5C300A586FB /* ProgrammaticallyExampleTests */,
				8441F8102449D5C300A586FB /* ProgrammaticallyExampleUITests */,
			);
		};
/* End PBXProject section */

/* Begin PBXResourcesBuildPhase section */
		8441F7F02449D5C100A586FB /* Resources */ = {
			isa = PBXResourcesBuildPhase;
			buildActionMask = 2147483647;
			files = (
				8441F8002449D5C200A586FB /* LaunchScreen.storyboard in Resources */,
				8441F7FD2449D5C200A586FB /* Assets.xcassets in Resources */,
			);
			runOnlyForDeploymentPostprocessing = 0;
		};
		8441F8042449D5C300A586FB /* Resources */ = {
			isa = PBXResourcesBuildPhase;
			buildActionMask = 2147483647;
			files = (
			);
			runOnlyForDeploymentPostprocessing = 0;
		};
		8441F80F2449D5C300A586FB /* Resources */ = {
			isa = PBXResourcesBuildPhase;
			buildActionMask = 2147483647;
			files = (
			);
			runOnlyForDeploymentPostprocessing = 0;
		};
/* End PBXResourcesBuildPhase section */

/* Begin PBXShellScriptBuildPhase section */
		09ABA72EF9E4441CF8E469CB /* [CP] Check Pods Manifest.lock */ = {
			isa = PBXShellScriptBuildPhase;
			buildActionMask = 2147483647;
			files = (
			);
			inputFileListPaths = (
			);
			inputPaths = (
				"${PODS_PODFILE_DIR_PATH}/Podfile.lock",
				"${PODS_ROOT}/Manifest.lock",
			);
			name = "[CP] Check Pods Manifest.lock";
			outputFileListPaths = (
			);
			outputPaths = (
				"$(DERIVED_FILE_DIR)/Pods-ProgrammaticallyExample-ProgrammaticallyExampleUITests-checkManifestLockResult.txt",
			);
			runOnlyForDeploymentPostprocessing = 0;
			shellPath = /bin/sh;
			shellScript = "diff \"${PODS_PODFILE_DIR_PATH}/Podfile.lock\" \"${PODS_ROOT}/Manifest.lock\" > /dev/null\nif [ $? != 0 ] ; then\n    # print error to STDERR\n    echo \"error: The sandbox is not in sync with the Podfile.lock. Run 'pod install' or update your CocoaPods installation.\" >&2\n    exit 1\nfi\n# This output is used by Xcode 'outputs' to avoid re-running this script phase.\necho \"SUCCESS\" > \"${SCRIPT_OUTPUT_FILE_0}\"\n";
			showEnvVarsInLog = 0;
		};
		2F84D7B37D49927DA65A1986 /* [CP] Check Pods Manifest.lock */ = {
			isa = PBXShellScriptBuildPhase;
			buildActionMask = 2147483647;
			files = (
			);
			inputFileListPaths = (
			);
			inputPaths = (
				"${PODS_PODFILE_DIR_PATH}/Podfile.lock",
				"${PODS_ROOT}/Manifest.lock",
			);
			name = "[CP] Check Pods Manifest.lock";
			outputFileListPaths = (
			);
			outputPaths = (
				"$(DERIVED_FILE_DIR)/Pods-ProgrammaticallyExampleTests-checkManifestLockResult.txt",
			);
			runOnlyForDeploymentPostprocessing = 0;
			shellPath = /bin/sh;
			shellScript = "diff \"${PODS_PODFILE_DIR_PATH}/Podfile.lock\" \"${PODS_ROOT}/Manifest.lock\" > /dev/null\nif [ $? != 0 ] ; then\n    # print error to STDERR\n    echo \"error: The sandbox is not in sync with the Podfile.lock. Run 'pod install' or update your CocoaPods installation.\" >&2\n    exit 1\nfi\n# This output is used by Xcode 'outputs' to avoid re-running this script phase.\necho \"SUCCESS\" > \"${SCRIPT_OUTPUT_FILE_0}\"\n";
			showEnvVarsInLog = 0;
		};
		4634514E19A29665780D0CD8 /* [CP] Check Pods Manifest.lock */ = {
			isa = PBXShellScriptBuildPhase;
			buildActionMask = 2147483647;
			files = (
			);
			inputFileListPaths = (
			);
			inputPaths = (
				"${PODS_PODFILE_DIR_PATH}/Podfile.lock",
				"${PODS_ROOT}/Manifest.lock",
			);
			name = "[CP] Check Pods Manifest.lock";
			outputFileListPaths = (
			);
			outputPaths = (
				"$(DERIVED_FILE_DIR)/Pods-ProgrammaticallyExample-checkManifestLockResult.txt",
			);
			runOnlyForDeploymentPostprocessing = 0;
			shellPath = /bin/sh;
			shellScript = "diff \"${PODS_PODFILE_DIR_PATH}/Podfile.lock\" \"${PODS_ROOT}/Manifest.lock\" > /dev/null\nif [ $? != 0 ] ; then\n    # print error to STDERR\n    echo \"error: The sandbox is not in sync with the Podfile.lock. Run 'pod install' or update your CocoaPods installation.\" >&2\n    exit 1\nfi\n# This output is used by Xcode 'outputs' to avoid re-running this script phase.\necho \"SUCCESS\" > \"${SCRIPT_OUTPUT_FILE_0}\"\n";
			showEnvVarsInLog = 0;
		};
		B77F5F7CE358ED6EDC87F84B /* [CP] Embed Pods Frameworks */ = {
			isa = PBXShellScriptBuildPhase;
			buildActionMask = 2147483647;
			files = (
			);
			inputFileListPaths = (
				"${PODS_ROOT}/Target Support Files/Pods-ProgrammaticallyExample-ProgrammaticallyExampleUITests/Pods-ProgrammaticallyExample-ProgrammaticallyExampleUITests-frameworks-${CONFIGURATION}-input-files.xcfilelist",
			);
			name = "[CP] Embed Pods Frameworks";
			outputFileListPaths = (
				"${PODS_ROOT}/Target Support Files/Pods-ProgrammaticallyExample-ProgrammaticallyExampleUITests/Pods-ProgrammaticallyExample-ProgrammaticallyExampleUITests-frameworks-${CONFIGURATION}-output-files.xcfilelist",
			);
			runOnlyForDeploymentPostprocessing = 0;
			shellPath = /bin/sh;
			shellScript = "\"${PODS_ROOT}/Target Support Files/Pods-ProgrammaticallyExample-ProgrammaticallyExampleUITests/Pods-ProgrammaticallyExample-ProgrammaticallyExampleUITests-frameworks.sh\"\n";
			showEnvVarsInLog = 0;
		};
		BB45163848166D9A670161CC /* [CP] Embed Pods Frameworks */ = {
			isa = PBXShellScriptBuildPhase;
			buildActionMask = 2147483647;
			files = (
			);
			inputFileListPaths = (
				"${PODS_ROOT}/Target Support Files/Pods-ProgrammaticallyExample/Pods-ProgrammaticallyExample-frameworks-${CONFIGURATION}-input-files.xcfilelist",
			);
			name = "[CP] Embed Pods Frameworks";
			outputFileListPaths = (
				"${PODS_ROOT}/Target Support Files/Pods-ProgrammaticallyExample/Pods-ProgrammaticallyExample-frameworks-${CONFIGURATION}-output-files.xcfilelist",
			);
			runOnlyForDeploymentPostprocessing = 0;
			shellPath = /bin/sh;
			shellScript = "\"${PODS_ROOT}/Target Support Files/Pods-ProgrammaticallyExample/Pods-ProgrammaticallyExample-frameworks.sh\"\n";
			showEnvVarsInLog = 0;
		};
/* End PBXShellScriptBuildPhase section */

/* Begin PBXSourcesBuildPhase section */
		8441F7EE2449D5C100A586FB /* Sources */ = {
			isa = PBXSourcesBuildPhase;
			buildActionMask = 2147483647;
			files = (
				84942BCC244B63A90096FEF4 /* PhotoCell.swift in Sources */,
				8441F8292449DD9600A586FB /* ConnectionManager.swift in Sources */,
				84942BCF244B8B500096FEF4 /* UIView+Ext.swift in Sources */,
				84942BD3244BA0EE0096FEF4 /* Response.swift in Sources */,
				8441F7F82449D5C100A586FB /* PhotosVC.swift in Sources */,
				8442ED6B2449F9B80083F037 /* Edit.swift in Sources */,
				8441F8252449DC0900A586FB /* HttpMethod.swift in Sources */,
				8441F7F62449D5C100A586FB /* AppDelegate.swift in Sources */,
				8442ED5C2449F53E0083F037 /* ParametersBuilder.swift in Sources */,
				8441F8272449DC4200A586FB /* HttpLink.swift in Sources */,
				84942BD1244B94900096FEF4 /* UIImageView+Ext.swift in Sources */,
				8442ED612449F9040083F037 /* PhotosModel.swift in Sources */,
				8442ED692449F9A40083F037 /* Links.swift in Sources */,
				8442ED652449F96C0083F037 /* RateLimit.swift in Sources */,
				8442ED5E2449F5730083F037 /* ServiceHelper.swift in Sources */,
				8442ED632449F93B0083F037 /* Meta.swift in Sources */,
				8442ED672449F98D0083F037 /* Result.swift in Sources */,
			);
			runOnlyForDeploymentPostprocessing = 0;
		};
		8441F8022449D5C300A586FB /* Sources */ = {
			isa = PBXSourcesBuildPhase;
			buildActionMask = 2147483647;
			files = (
				8441F80B2449D5C300A586FB /* ProgrammaticallyExampleTests.swift in Sources */,
			);
			runOnlyForDeploymentPostprocessing = 0;
		};
		8441F80D2449D5C300A586FB /* Sources */ = {
			isa = PBXSourcesBuildPhase;
			buildActionMask = 2147483647;
			files = (
				8441F8162449D5C300A586FB /* ProgrammaticallyExampleUITests.swift in Sources */,
			);
			runOnlyForDeploymentPostprocessing = 0;
		};
/* End PBXSourcesBuildPhase section */

/* Begin PBXTargetDependency section */
		8441F8082449D5C300A586FB /* PBXTargetDependency */ = {
			isa = PBXTargetDependency;
			target = 8441F7F12449D5C100A586FB /* ProgrammaticallyExample */;
			targetProxy = 8441F8072449D5C300A586FB /* PBXContainerItemProxy */;
		};
		8441F8132449D5C300A586FB /* PBXTargetDependency */ = {
			isa = PBXTargetDependency;
			target = 8441F7F12449D5C100A586FB /* ProgrammaticallyExample */;
			targetProxy = 8441F8122449D5C300A586FB /* PBXContainerItemProxy */;
		};
/* End PBXTargetDependency section */

/* Begin PBXVariantGroup section */
		8441F7FE2449D5C200A586FB /* LaunchScreen.storyboard */ = {
			isa = PBXVariantGroup;
			children = (
				8441F7FF2449D5C200A586FB /* Base */,
			);
			name = LaunchScreen.storyboard;
			sourceTree = "<group>";
		};
/* End PBXVariantGroup section */

/* Begin XCBuildConfiguration section */
		8441F8182449D5C300A586FB /* Debug */ = {
			isa = XCBuildConfiguration;
			buildSettings = {
				ALWAYS_SEARCH_USER_PATHS = NO;
				CLANG_ANALYZER_NONNULL = YES;
				CLANG_ANALYZER_NUMBER_OBJECT_CONVERSION = YES_AGGRESSIVE;
				CLANG_CXX_LANGUAGE_STANDARD = "gnu++14";
				CLANG_CXX_LIBRARY = "libc++";
				CLANG_ENABLE_MODULES = YES;
				CLANG_ENABLE_OBJC_ARC = YES;
				CLANG_ENABLE_OBJC_WEAK = YES;
				CLANG_WARN_BLOCK_CAPTURE_AUTORELEASING = YES;
				CLANG_WARN_BOOL_CONVERSION = YES;
				CLANG_WARN_COMMA = YES;
				CLANG_WARN_CONSTANT_CONVERSION = YES;
				CLANG_WARN_DEPRECATED_OBJC_IMPLEMENTATIONS = YES;
				CLANG_WARN_DIRECT_OBJC_ISA_USAGE = YES_ERROR;
				CLANG_WARN_DOCUMENTATION_COMMENTS = YES;
				CLANG_WARN_EMPTY_BODY = YES;
				CLANG_WARN_ENUM_CONVERSION = YES;
				CLANG_WARN_INFINITE_RECURSION = YES;
				CLANG_WARN_INT_CONVERSION = YES;
				CLANG_WARN_NON_LITERAL_NULL_CONVERSION = YES;
				CLANG_WARN_OBJC_IMPLICIT_RETAIN_SELF = YES;
				CLANG_WARN_OBJC_LITERAL_CONVERSION = YES;
				CLANG_WARN_OBJC_ROOT_CLASS = YES_ERROR;
				CLANG_WARN_RANGE_LOOP_ANALYSIS = YES;
				CLANG_WARN_STRICT_PROTOTYPES = YES;
				CLANG_WARN_SUSPICIOUS_MOVE = YES;
				CLANG_WARN_UNGUARDED_AVAILABILITY = YES_AGGRESSIVE;
				CLANG_WARN_UNREACHABLE_CODE = YES;
				CLANG_WARN__DUPLICATE_METHOD_MATCH = YES;
				CODE_SIGN_IDENTITY = "iPhone Developer";
				COPY_PHASE_STRIP = NO;
				DEBUG_INFORMATION_FORMAT = dwarf;
				ENABLE_STRICT_OBJC_MSGSEND = YES;
				ENABLE_TESTABILITY = YES;
				GCC_C_LANGUAGE_STANDARD = gnu11;
				GCC_DYNAMIC_NO_PIC = NO;
				GCC_NO_COMMON_BLOCKS = YES;
				GCC_OPTIMIZATION_LEVEL = 0;
				GCC_PREPROCESSOR_DEFINITIONS = (
					"DEBUG=1",
					"$(inherited)",
				);
				GCC_WARN_64_TO_32_BIT_CONVERSION = YES;
				GCC_WARN_ABOUT_RETURN_TYPE = YES_ERROR;
				GCC_WARN_UNDECLARED_SELECTOR = YES;
				GCC_WARN_UNINITIALIZED_AUTOS = YES_AGGRESSIVE;
				GCC_WARN_UNUSED_FUNCTION = YES;
				GCC_WARN_UNUSED_VARIABLE = YES;
				IPHONEOS_DEPLOYMENT_TARGET = 12.0;
				MTL_ENABLE_DEBUG_INFO = INCLUDE_SOURCE;
				MTL_FAST_MATH = YES;
				ONLY_ACTIVE_ARCH = YES;
				SDKROOT = iphoneos;
				SWIFT_ACTIVE_COMPILATION_CONDITIONS = DEBUG;
				SWIFT_OPTIMIZATION_LEVEL = "-Onone";
			};
			name = Debug;
		};
		8441F8192449D5C300A586FB /* Release */ = {
			isa = XCBuildConfiguration;
			buildSettings = {
				ALWAYS_SEARCH_USER_PATHS = NO;
				CLANG_ANALYZER_NONNULL = YES;
				CLANG_ANALYZER_NUMBER_OBJECT_CONVERSION = YES_AGGRESSIVE;
				CLANG_CXX_LANGUAGE_STANDARD = "gnu++14";
				CLANG_CXX_LIBRARY = "libc++";
				CLANG_ENABLE_MODULES = YES;
				CLANG_ENABLE_OBJC_ARC = YES;
				CLANG_ENABLE_OBJC_WEAK = YES;
				CLANG_WARN_BLOCK_CAPTURE_AUTORELEASING = YES;
				CLANG_WARN_BOOL_CONVERSION = YES;
				CLANG_WARN_COMMA = YES;
				CLANG_WARN_CONSTANT_CONVERSION = YES;
				CLANG_WARN_DEPRECATED_OBJC_IMPLEMENTATIONS = YES;
				CLANG_WARN_DIRECT_OBJC_ISA_USAGE = YES_ERROR;
				CLANG_WARN_DOCUMENTATION_COMMENTS = YES;
				CLANG_WARN_EMPTY_BODY = YES;
				CLANG_WARN_ENUM_CONVERSION = YES;
				CLANG_WARN_INFINITE_RECURSION = YES;
				CLANG_WARN_INT_CONVERSION = YES;
				CLANG_WARN_NON_LITERAL_NULL_CONVERSION = YES;
				CLANG_WARN_OBJC_IMPLICIT_RETAIN_SELF = YES;
				CLANG_WARN_OBJC_LITERAL_CONVERSION = YES;
				CLANG_WARN_OBJC_ROOT_CLASS = YES_ERROR;
				CLANG_WARN_RANGE_LOOP_ANALYSIS = YES;
				CLANG_WARN_STRICT_PROTOTYPES = YES;
				CLANG_WARN_SUSPICIOUS_MOVE = YES;
				CLANG_WARN_UNGUARDED_AVAILABILITY = YES_AGGRESSIVE;
				CLANG_WARN_UNREACHABLE_CODE = YES;
				CLANG_WARN__DUPLICATE_METHOD_MATCH = YES;
				CODE_SIGN_IDENTITY = "iPhone Developer";
				COPY_PHASE_STRIP = NO;
				DEBUG_INFORMATION_FORMAT = "dwarf-with-dsym";
				ENABLE_NS_ASSERTIONS = NO;
				ENABLE_STRICT_OBJC_MSGSEND = YES;
				GCC_C_LANGUAGE_STANDARD = gnu11;
				GCC_NO_COMMON_BLOCKS = YES;
				GCC_WARN_64_TO_32_BIT_CONVERSION = YES;
				GCC_WARN_ABOUT_RETURN_TYPE = YES_ERROR;
				GCC_WARN_UNDECLARED_SELECTOR = YES;
				GCC_WARN_UNINITIALIZED_AUTOS = YES_AGGRESSIVE;
				GCC_WARN_UNUSED_FUNCTION = YES;
				GCC_WARN_UNUSED_VARIABLE = YES;
				IPHONEOS_DEPLOYMENT_TARGET = 12.0;
				MTL_ENABLE_DEBUG_INFO = NO;
				MTL_FAST_MATH = YES;
				SDKROOT = iphoneos;
				SWIFT_COMPILATION_MODE = wholemodule;
				SWIFT_OPTIMIZATION_LEVEL = "-O";
				VALIDATE_PRODUCT = YES;
			};
			name = Release;
		};
		8441F81B2449D5C300A586FB /* Debug */ = {
			isa = XCBuildConfiguration;
			baseConfigurationReference = B914660B8B17BD7239D786E1 /* Pods-ProgrammaticallyExample.debug.xcconfig */;
			buildSettings = {
				ASSETCATALOG_COMPILER_APPICON_NAME = AppIcon;
				CODE_SIGN_STYLE = Automatic;
				INFOPLIST_FILE = ProgrammaticallyExample/Supporting/Info.plist;
				LD_RUNPATH_SEARCH_PATHS = (
					"$(inherited)",
					"@executable_path/Frameworks",
				);
				PRODUCT_BUNDLE_IDENTIFIER = com.exampleprojects.ProgrammaticallyExample;
				PRODUCT_NAME = "$(TARGET_NAME)";
				SWIFT_VERSION = 4.2;
				TARGETED_DEVICE_FAMILY = "1,2";
			};
			name = Debug;
		};
		8441F81C2449D5C300A586FB /* Release */ = {
			isa = XCBuildConfiguration;
			baseConfigurationReference = EEA2A07CC4F5BB75769836C6 /* Pods-ProgrammaticallyExample.release.xcconfig */;
			buildSettings = {
				ASSETCATALOG_COMPILER_APPICON_NAME = AppIcon;
				CODE_SIGN_STYLE = Automatic;
				INFOPLIST_FILE = ProgrammaticallyExample/Supporting/Info.plist;
				LD_RUNPATH_SEARCH_PATHS = (
					"$(inherited)",
					"@executable_path/Frameworks",
				);
				PRODUCT_BUNDLE_IDENTIFIER = com.exampleprojects.ProgrammaticallyExample;
				PRODUCT_NAME = "$(TARGET_NAME)";
				SWIFT_VERSION = 4.2;
				TARGETED_DEVICE_FAMILY = "1,2";
			};
			name = Release;
		};
		8441F81E2449D5C300A586FB /* Debug */ = {
			isa = XCBuildConfiguration;
			baseConfigurationReference = E33FE35989BBDFEB0D62684F /* Pods-ProgrammaticallyExampleTests.debug.xcconfig */;
			buildSettings = {
				ALWAYS_EMBED_SWIFT_STANDARD_LIBRARIES = YES;
				BUNDLE_LOADER = "$(TEST_HOST)";
				CODE_SIGN_STYLE = Automatic;
				INFOPLIST_FILE = ProgrammaticallyExampleTests/Info.plist;
				LD_RUNPATH_SEARCH_PATHS = (
					"$(inherited)",
					"@executable_path/Frameworks",
					"@loader_path/Frameworks",
				);
				PRODUCT_BUNDLE_IDENTIFIER = com.exampleprojects.ProgrammaticallyExampleTests;
				PRODUCT_NAME = "$(TARGET_NAME)";
				SWIFT_VERSION = 4.2;
				TARGETED_DEVICE_FAMILY = "1,2";
				TEST_HOST = "$(BUILT_PRODUCTS_DIR)/ProgrammaticallyExample.app/ProgrammaticallyExample";
			};
			name = Debug;
		};
		8441F81F2449D5C300A586FB /* Release */ = {
			isa = XCBuildConfiguration;
			baseConfigurationReference = F3E4AE4899C600E308FA60C2 /* Pods-ProgrammaticallyExampleTests.release.xcconfig */;
			buildSettings = {
				ALWAYS_EMBED_SWIFT_STANDARD_LIBRARIES = YES;
				BUNDLE_LOADER = "$(TEST_HOST)";
				CODE_SIGN_STYLE = Automatic;
				INFOPLIST_FILE = ProgrammaticallyExampleTests/Info.plist;
				LD_RUNPATH_SEARCH_PATHS = (
					"$(inherited)",
					"@executable_path/Frameworks",
					"@loader_path/Frameworks",
				);
				PRODUCT_BUNDLE_IDENTIFIER = com.exampleprojects.ProgrammaticallyExampleTests;
				PRODUCT_NAME = "$(TARGET_NAME)";
				SWIFT_VERSION = 4.2;
				TARGETED_DEVICE_FAMILY = "1,2";
				TEST_HOST = "$(BUILT_PRODUCTS_DIR)/ProgrammaticallyExample.app/ProgrammaticallyExample";
			};
			name = Release;
		};
		8441F8212449D5C300A586FB /* Debug */ = {
			isa = XCBuildConfiguration;
			baseConfigurationReference = FE420FC3373B68B1D02DAB22 /* Pods-ProgrammaticallyExample-ProgrammaticallyExampleUITests.debug.xcconfig */;
			buildSettings = {
				ALWAYS_EMBED_SWIFT_STANDARD_LIBRARIES = YES;
				CODE_SIGN_STYLE = Automatic;
				INFOPLIST_FILE = ProgrammaticallyExampleUITests/Info.plist;
				LD_RUNPATH_SEARCH_PATHS = (
					"$(inherited)",
					"@executable_path/Frameworks",
					"@loader_path/Frameworks",
				);
				PRODUCT_BUNDLE_IDENTIFIER = com.exampleprojects.ProgrammaticallyExampleUITests;
				PRODUCT_NAME = "$(TARGET_NAME)";
				SWIFT_VERSION = 4.2;
				TARGETED_DEVICE_FAMILY = "1,2";
				TEST_TARGET_NAME = ProgrammaticallyExample;
			};
			name = Debug;
		};
		8441F8222449D5C300A586FB /* Release */ = {
			isa = XCBuildConfiguration;
			baseConfigurationReference = 648BA5D8A9115790A32D21A7 /* Pods-ProgrammaticallyExample-ProgrammaticallyExampleUITests.release.xcconfig */;
			buildSettings = {
				ALWAYS_EMBED_SWIFT_STANDARD_LIBRARIES = YES;
				CODE_SIGN_STYLE = Automatic;
				INFOPLIST_FILE = ProgrammaticallyExampleUITests/Info.plist;
				LD_RUNPATH_SEARCH_PATHS = (
					"$(inherited)",
					"@executable_path/Frameworks",
					"@loader_path/Frameworks",
				);
				PRODUCT_BUNDLE_IDENTIFIER = com.exampleprojects.ProgrammaticallyExampleUITests;
				PRODUCT_NAME = "$(TARGET_NAME)";
				SWIFT_VERSION = 4.2;
				TARGETED_DEVICE_FAMILY = "1,2";
				TEST_TARGET_NAME = ProgrammaticallyExample;
			};
			name = Release;
		};
/* End XCBuildConfiguration section */

/* Begin XCConfigurationList section */
		8441F7ED2449D5C000A586FB /* Build configuration list for PBXProject "ProgrammaticallyExample" */ = {
			isa = XCConfigurationList;
			buildConfigurations = (
				8441F8182449D5C300A586FB /* Debug */,
				8441F8192449D5C300A586FB /* Release */,
			);
			defaultConfigurationIsVisible = 0;
			defaultConfigurationName = Release;
		};
		8441F81A2449D5C300A586FB /* Build configuration list for PBXNativeTarget "ProgrammaticallyExample" */ = {
			isa = XCConfigurationList;
			buildConfigurations = (
				8441F81B2449D5C300A586FB /* Debug */,
				8441F81C2449D5C300A586FB /* Release */,
			);
			defaultConfigurationIsVisible = 0;
			defaultConfigurationName = Release;
		};
		8441F81D2449D5C300A586FB /* Build configuration list for PBXNativeTarget "ProgrammaticallyExampleTests" */ = {
			isa = XCConfigurationList;
			buildConfigurations = (
				8441F81E2449D5C300A586FB /* Debug */,
				8441F81F2449D5C300A586FB /* Release */,
			);
			defaultConfigurationIsVisible = 0;
			defaultConfigurationName = Release;
		};
		8441F8202449D5C300A586FB /* Build configuration list for PBXNativeTarget "ProgrammaticallyExampleUITests" */ = {
			isa = XCConfigurationList;
			buildConfigurations = (
				8441F8212449D5C300A586FB /* Debug */,
				8441F8222449D5C300A586FB /* Release */,
			);
			defaultConfigurationIsVisible = 0;
			defaultConfigurationName = Release;
		};
/* End XCConfigurationList section */
	};
	rootObject = 8441F7EA2449D5C000A586FB /* Project object */;
}
